<?xml version="1.0" encoding="utf-8"?>
<Project ToolsVersion="4.0" xmlns="http://schemas.microsoft.com/developer/msbuild/2003">
  <ItemGroup>
    <Filter Include="Header Files">
      <UniqueIdentifier>{6c35c7a7-723a-401f-acdc-c63af942abae}</UniqueIdentifier>
      <Extensions>*.h</Extensions>
    </Filter>
    <Filter Include="Source Files">
      <UniqueIdentifier>{3b2ccd60-8f0c-4241-830a-fda069a5d440}</UniqueIdentifier>
      <Extensions>*.cpp</Extensions>
    </Filter>
  </ItemGroup>
  <ItemGroup>
    <ClInclude Include="..\foobar2000\SDK\abort_callback.h" />
    <ClInclude Include="..\foobar2000\SDK\advconfig.h" />
    <ClInclude Include="..\foobar2000\SDK\album_art.h" />
    <ClInclude Include="..\foobar2000\SDK\album_art_helpers.h" />
    <ClInclude Include="..\foobar2000\SDK\app_close_blocker.h" />
    <ClInclude Include="..\foobar2000\SDK\audio_chunk.h" />
    <ClInclude Include="..\foobar2000\SDK\audio_postprocessor.h" />
    <ClInclude Include="..\foobar2000\SDK\autoplaylist.h" />
    <ClInclude Include="..\foobar2000\SDK\cfg_var.h" />
    <ClInclude Include="..\foobar2000\SDK\chapterizer.h" />
    <ClInclude Include="..\foobar2000\SDK\commandline.h" />
    <ClInclude Include="..\foobar2000\SDK\completion_notify.h" />
    <ClInclude Include="..\foobar2000\SDK\component.h" />
    <ClInclude Include="..\foobar2000\SDK\componentversion.h" />
    <ClInclude Include="..\foobar2000\SDK\config_io_callback.h" />
    <ClInclude Include="..\foobar2000\SDK\config_object.h" />
    <ClInclude Include="..\foobar2000\SDK\config_object_impl.h" />
    <ClInclude Include="..\foobar2000\SDK\console.h" />
    <ClInclude Include="..\foobar2000\SDK\contextmenu.h" />
    <ClInclude Include="..\foobar2000\SDK\contextmenu_manager.h" />
    <ClInclude Include="..\foobar2000\SDK\core_api.h" />
    <ClInclude Include="..\foobar2000\SDK\coreversion.h" />
    <ClInclude Include="..\foobar2000\SDK\decode_postprocessor.h" />
    <ClInclude Include="..\foobar2000\SDK\dsp.h" />
    <ClInclude Include="..\foobar2000\SDK\dsp_manager.h" />
    <ClInclude Include="..\foobar2000\SDK\event_logger.h" />
    <ClInclude Include="..\foobar2000\SDK\exceptions.h" />
    <ClInclude Include="..\foobar2000\SDK\file_info.h" />
    <ClInclude Include="..\foobar2000\SDK\file_info_impl.h" />
    <ClInclude Include="..\foobar2000\SDK\file_operation_callback.h" />
    <ClInclude Include="..\foobar2000\SDK\filesystem.h" />
    <ClInclude Include="..\foobar2000\SDK\filesystem_helper.h" />
    <ClInclude Include="..\foobar2000\SDK\foobar2000.h" />
    <ClInclude Include="..\foobar2000\SDK\genrand.h" />
    <ClInclude Include="..\foobar2000\SDK\hasher_md5.h" />
    <ClInclude Include="..\foobar2000\SDK\http_client.h" />
    <ClInclude Include="..\foobar2000\SDK\icon_remap.h" />
    <ClInclude Include="..\foobar2000\SDK\info_lookup_handler.h" />
    <ClInclude Include="..\foobar2000\SDK\initquit.h" />
    <ClInclude Include="..\foobar2000\SDK\input.h" />
    <ClInclude Include="..\foobar2000\SDK\input_file_type.h" />
    <ClInclude Include="..\foobar2000\SDK\input_impl.h" />
    <ClInclude Include="..\foobar2000\SDK\library_manager.h" />
    <ClInclude Include="..\foobar2000\SDK\link_resolver.h" />
    <ClInclude Include="..\foobar2000\SDK\main_thread_callback.h" />
    <ClInclude Include="..\foobar2000\SDK\mem_block_container.h" />
    <ClInclude Include="..\foobar2000\SDK\menu.h" />
    <ClInclude Include="..\foobar2000\SDK\menu_helpers.h" />
    <ClInclude Include="..\foobar2000\SDK\message_loop.h" />
    <ClInclude Include="..\foobar2000\SDK\metadb.h" />
    <ClInclude Include="..\foobar2000\SDK\metadb_handle.h" />
    <ClInclude Include="..\foobar2000\SDK\modeless_dialog.h" />
    <ClInclude Include="..\foobar2000\SDK\ole_interaction.h" />
    <ClInclude Include="..\foobar2000\SDK\output.h" />
    <ClInclude Include="..\foobar2000\SDK\packet_decoder.h" />
    <ClInclude Include="..\foobar2000\SDK\play_callback.h" />
    <ClInclude Include="..\foobar2000\SDK\playable_location.h" />
    <ClInclude Include="..\foobar2000\SDK\playback_control.h" />
    <ClInclude Include="..\foobar2000\SDK\playback_stream_capture.h" />
    <ClInclude Include="..\foobar2000\SDK\playlist.h" />
    <ClInclude Include="..\foobar2000\SDK\playlist_loader.h" />
    <ClInclude Include="..\foobar2000\SDK\popup_message.h" />
    <ClInclude Include="..\foobar2000\SDK\preferences_page.h" />
    <ClInclude Include="..\foobar2000\SDK\progress_meter.h" />
    <ClInclude Include="..\foobar2000\SDK\replaygain.h" />
    <ClInclude Include="..\foobar2000\SDK\replaygain_scanner.h" />
    <ClInclude Include="..\foobar2000\SDK\resampler.h" />
    <ClInclude Include="..\foobar2000\SDK\search_tools.h" />
    <ClInclude Include="..\foobar2000\SDK\service.h" />
    <ClInclude Include="..\foobar2000\SDK\service_impl.h" />
    <ClInclude Include="..\foobar2000\SDK\system_time_keeper.h" />
    <ClInclude Include="..\foobar2000\SDK\tag_processor.h" />
    <ClInclude Include="..\foobar2000\SDK\threaded_process.h" />
    <ClInclude Include="..\foobar2000\SDK\titleformat.h" />
    <ClInclude Include="..\foobar2000\SDK\track_property.h" />
    <ClInclude Include="..\foobar2000\SDK\ui.h" />
    <ClInclude Include="..\foobar2000\SDK\ui_edit_context.h" />
    <ClInclude Include="..\foobar2000\SDK\ui_element.h" />
    <ClInclude Include="..\foobar2000\SDK\unpack.h" />
    <ClInclude Include="..\foobar2000\SDK\vis.h" />
  </ItemGroup>
  <ItemGroup>
    <ClCompile Include="..\foobar2000\SDK\abort_callback.cpp" />
    <ClCompile Include="..\foobar2000\SDK\advconfig.cpp" />
    <ClCompile Include="..\foobar2000\SDK\album_art.cpp" />
    <ClCompile Include="..\foobar2000\SDK\app_close_blocker.cpp" />
    <ClCompile Include="..\foobar2000\SDK\audio_chunk.cpp" />
    <ClCompile Include="..\foobar2000\SDK\audio_chunk_channel_config.cpp" />
    <ClCompile Include="..\foobar2000\SDK\cfg_var.cpp" />
    <ClCompile Include="..\foobar2000\SDK\chapterizer.cpp" />
    <ClCompile Include="..\foobar2000\SDK\commandline.cpp" />
    <ClCompile Include="..\foobar2000\SDK\completion_notify.cpp" />
    <ClCompile Include="..\foobar2000\SDK\componentversion.cpp" />
    <ClCompile Include="..\foobar2000\SDK\config_object.cpp" />
    <ClCompile Include="..\foobar2000\SDK\console.cpp" />
    <ClCompile Include="..\foobar2000\SDK\dsp.cpp" />
    <ClCompile Include="..\foobar2000\SDK\dsp_manager.cpp" />
    <ClCompile Include="..\foobar2000\SDK\file_cached_impl.cpp" />
    <ClCompile Include="..\foobar2000\SDK\file_info.cpp" />
    <ClCompile Include="..\foobar2000\SDK\file_info_impl.cpp" />
    <ClCompile Include="..\foobar2000\SDK\file_info_merge.cpp" />
    <ClCompile Include="..\foobar2000\SDK\file_operation_callback.cpp" />
    <ClCompile Include="..\foobar2000\SDK\filesystem.cpp" />
    <ClCompile Include="..\foobar2000\SDK\filesystem_helper.cpp" />
    <ClCompile Include="..\foobar2000\SDK\guids.cpp" />
    <ClCompile Include="..\foobar2000\SDK\hasher_md5.cpp" />
    <ClCompile Include="..\foobar2000\SDK\input.cpp" />
    <ClCompile Include="..\foobar2000\SDK\input_file_type.cpp" />
    <ClCompile Include="..\foobar2000\SDK\link_resolver.cpp" />
    <ClCompile Include="..\foobar2000\SDK\mainmenu.cpp" />
    <ClCompile Include="..\foobar2000\SDK\main_thread_callback.cpp" />
    <ClCompile Include="..\foobar2000\SDK\mem_block_container.cpp" />
    <ClCompile Include="..\foobar2000\SDK\menu_helpers.cpp" />
    <ClCompile Include="..\foobar2000\SDK\menu_item.cpp" />
    <ClCompile Include="..\foobar2000\SDK\menu_manager.cpp" />
    <ClCompile Include="..\foobar2000\SDK\metadb.cpp" />
    <ClCompile Include="..\foobar2000\SDK\metadb_handle.cpp" />
    <ClCompile Include="..\foobar2000\SDK\metadb_handle_list.cpp" />
    <ClCompile Include="..\foobar2000\SDK\output.cpp" />
    <ClCompile Include="..\foobar2000\SDK\packet_decoder.cpp" />
    <ClCompile Include="..\foobar2000\SDK\playable_location.cpp" />
    <ClCompile Include="..\foobar2000\SDK\playback_control.cpp" />
    <ClCompile Include="..\foobar2000\SDK\playlist.cpp" />
    <ClCompile Include="..\foobar2000\SDK\playlist_loader.cpp" />
    <ClCompile Include="..\foobar2000\SDK\popup_message.cpp" />
    <ClCompile Include="..\foobar2000\SDK\preferences_page.cpp" />
    <ClCompile Include="..\foobar2000\SDK\replaygain.cpp" />
    <ClCompile Include="..\foobar2000\SDK\replaygain_info.cpp" />
    <ClCompile Include="..\foobar2000\SDK\search_tools.cpp" />
    <ClCompile Include="..\foobar2000\SDK\service.cpp" />
    <ClCompile Include="..\foobar2000\SDK\stdafx.cpp" />
    <ClCompile Include="..\foobar2000\SDK\tag_processor.cpp" />
    <ClCompile Include="..\foobar2000\SDK\tag_processor_id3v2.cpp" />
    <ClCompile Include="..\foobar2000\SDK\threaded_process.cpp" />
    <ClCompile Include="..\foobar2000\SDK\titleformat.cpp" />
    <ClCompile Include="..\foobar2000\SDK\ui.cpp" />
    <ClCompile Include="..\foobar2000\SDK\ui_element.cpp" />
  </ItemGroup>
</Project>